
Microsoft Visual Studio Solution File, Format Version 12.00
# Visual Studio Version 17
VisualStudioVersion = 17.10.34928.147
MinimumVisualStudioVersion = 10.0.40219.1
Project("{FAE04EC0-301F-11D3-BF4B-00C04F79EFBC}") = "WTT-DoomArcadeClient", "DoomArcadeClient\WTT-DoomArcadeClient.csproj", "{D6671D3F-30E5-4511-8E02-B126B9861002}"
EndProject
Project("{FAE04EC0-301F-11D3-BF4B-00C04F79EFBC}") = "WTT-DoomArcadeServer", "DoomArcadeServer\WTT-DoomArcadeServer.csproj", "{8AD8C38A-5345-4C7D-86F2-66BDFC05906E}"
EndProject
Global
	GlobalSection(SolutionConfigurationPlatforms) = preSolution
		Debug|Any CPU = Debug|Any CPU
		Release|Any CPU = Release|Any CPU
	EndGlobalSection
	GlobalSection(ProjectConfigurationPlatforms) = postSolution
		{D6671D3F-30E5-4511-8E02-B126B9861002}.Debug|Any CPU.ActiveCfg = Debug|Any CPU
		{D6671D3F-30E5-4511-8E02-B126B9861002}.Debug|Any CPU.Build.0 = Debug|Any CPU
		{D6671D3F-30E5-4511-8E02-B126B9861002}.Release|Any CPU.ActiveCfg = Release|Any CPU
		{D6671D3F-30E5-4511-8E02-B126B9861002}.Release|Any CPU.Build.0 = Release|Any CPU
		{8AD8C38A-5345-4C7D-86F2-66BDFC05906E}.Debug|Any CPU.ActiveCfg = Debug|Any CPU
		{8AD8C38A-5345-4C7D-86F2-66BDFC05906E}.Debug|Any CPU.Build.0 = Debug|Any CPU
		{8AD8C38A-5345-4C7D-86F2-66BDFC05906E}.Release|Any CPU.ActiveCfg = Release|Any CPU
		{8AD8C38A-5345-4C7D-86F2-66BDFC05906E}.Release|Any CPU.Build.0 = Release|Any CPU
	EndGlobalSection
	GlobalSection(SolutionProperties) = preSolution
		HideSolutionNode = FALSE
	EndGlobalSection
	GlobalSection(ExtensibilityGlobals) = postSolution
		SolutionGuid = {09F9952E-ECA7-4B79-A94D-0FBCDA1BC1B4}
	EndGlobalSection
EndGlobal
